
Microsoft Visual Studio Solution File, Format Version 12.00
# Visual Studio Version 17
VisualStudioVersion = 17.3.32825.248
MinimumVisualStudioVersion = 10.0.40219.1
Project("{FAE04EC0-301F-11D3-BF4B-00C04F79EFBC}") = "ConsoleApp2", "ConsoleApp2\ConsoleApp2.csproj", "{6BF5F96D-F679-4F49-8F1C-39F9437F0017}"
EndProject
Global
	GlobalSection(SolutionConfigurationPlatforms) = preSolution
		Debug|Any CPU = Debug|Any CPU
		Release|Any CPU = Release|Any CPU
	EndGlobalSection
	GlobalSection(ProjectConfigurationPlatforms) = postSolution
		{6BF5F96D-F679-4F49-8F1C-39F9437F0017}.Debug|Any CPU.ActiveCfg = Debug|Any CPU
		{6BF5F96D-F679-4F49-8F1C-39F9437F0017}.Debug|Any CPU.Build.0 = Debug|Any CPU
		{6BF5F96D-F679-4F49-8F1C-39F9437F0017}.Release|Any CPU.ActiveCfg = Release|Any CPU
		{6BF5F96D-F679-4F49-8F1C-39F9437F0017}.Release|Any CPU.Build.0 = Release|Any CPU
	EndGlobalSection
	GlobalSection(SolutionProperties) = preSolution
		HideSolutionNode = FALSE
	EndGlobalSection
	GlobalSection(ExtensibilityGlobals) = postSolution
		SolutionGuid = {03B6A1CD-C6F4-4FBE-BAEB-4A9F1A7E4414}
	EndGlobalSection
EndGlobal
